
Microsoft Visual Studio Solution File, Format Version 12.00
# Visual Studio 15
VisualStudioVersion = 15.0.28307.757
MinimumVisualStudioVersion = 10.0.40219.1
Project("{FAE04EC0-301F-11D3-BF4B-00C04F79EFBC}") = "EmployeeManagementAPI", "EmployeeManagementAPI\EmployeeManagementAPI.csproj", "{0CDCDC02-0B88-46FE-96F5-D8A5D3547A4F}"
EndProject
Global
	GlobalSection(SolutionConfigurationPlatforms) = preSolution
		Debug|Any CPU = Debug|Any CPU
		Release|Any CPU = Release|Any CPU
	EndGlobalSection
	GlobalSection(ProjectConfigurationPlatforms) = postSolution
		{0CDCDC02-0B88-46FE-96F5-D8A5D3547A4F}.Debug|Any CPU.ActiveCfg = Debug|Any CPU
		{0CDCDC02-0B88-46FE-96F5-D8A5D3547A4F}.Debug|Any CPU.Build.0 = Debug|Any CPU
		{0CDCDC02-0B88-46FE-96F5-D8A5D3547A4F}.Release|Any CPU.ActiveCfg = Release|Any CPU
		{0CDCDC02-0B88-46FE-96F5-D8A5D3547A4F}.Release|Any CPU.Build.0 = Release|Any CPU
	EndGlobalSection
	GlobalSection(SolutionProperties) = preSolution
		HideSolutionNode = FALSE
	EndGlobalSection
	GlobalSection(ExtensibilityGlobals) = postSolution
		SolutionGuid = {7656288C-2E90-4378-9A12-B5D828309633}
	EndGlobalSection
EndGlobal
